// !$*UTF8*$!
{
	archiveVersion = 1;
	classes = {
	};
	objectVersion = 56;
	objects = {

/* Begin PBXBuildFile section */
		DFD35D4429FECBF300C2876B /* Counter_AppApp.swift in Sources */ = {isa = PBXBuildFile; fileRef = DFD35D4329FECBF300C2876B /* Counter_AppApp.swift */; };
		DFD35D4629FECBF300C2876B /* MainView.swift in Sources */ = {isa = PBXBuildFile; fileRef = DFD35D4529FECBF300C2876B /* MainView.swift */; };
		DFD35D4829FECBF400C2876B /* Assets.xcassets in Resources */ = {isa = PBXBuildFile; fileRef = DFD35D4729FECBF400C2876B /* Assets.xcassets */; };
		DFD35D4B29FECBF400C2876B /* Preview Assets.xcassets in Resources */ = {isa = PBXBuildFile; fileRef = DFD35D4A29FECBF400C2876B /* Preview Assets.xcassets */; };
		DFD35D5529FECBF500C2876B /* Counter_AppTests.swift in Sources */ = {isa = PBXBuildFile; fileRef = DFD35D5429FECBF500C2876B /* Counter_AppTests.swift */; };
		DFD35D5F29FECBF500C2876B /* Counter_AppUITests.swift in Sources */ = {isa = PBXBuildFile; fileRef = DFD35D5E29FECBF500C2876B /* Counter_AppUITests.swift */; };
		DFD35D6129FECBF500C2876B /* Counter_AppUITestsLaunchTests.swift in Sources */ = {isa = PBXBuildFile; fileRef = DFD35D6029FECBF500C2876B /* Counter_AppUITestsLaunchTests.swift */; };
		DFD35D6F29FF6E1400C2876B /* GoogleService-Info.plist in Resources */ = {isa = PBXBuildFile; fileRef = DFD35D6E29FF6E1400C2876B /* GoogleService-Info.plist */; };
		DFD35D7429FF72BE00C2876B /* appViewModel.swift in Sources */ = {isa = PBXBuildFile; fileRef = DFD35D7329FF72BE00C2876B /* appViewModel.swift */; };
		DFD35D7729FF72FF00C2876B /* uiData.swift in Sources */ = {isa = PBXBuildFile; fileRef = DFD35D7629FF72FF00C2876B /* uiData.swift */; };
		DFD35D7A29FF737400C2876B /* uiDataViewModel.swift in Sources */ = {isa = PBXBuildFile; fileRef = DFD35D7929FF737400C2876B /* uiDataViewModel.swift */; };
		DFD35D7D29FF7F7400C2876B /* FirebaseFirestore in Frameworks */ = {isa = PBXBuildFile; productRef = DFD35D7C29FF7F7400C2876B /* FirebaseFirestore */; };
		DFD35D7F29FF7F7400C2876B /* FirebaseFirestoreSwift in Frameworks */ = {isa = PBXBuildFile; productRef = DFD35D7E29FF7F7400C2876B /* FirebaseFirestoreSwift */; };
/* End PBXBuildFile section */

/* Begin PBXContainerItemProxy section */
		DFD35D5129FECBF500C2876B /* PBXContainerItemProxy */ = {
			isa = PBXContainerItemProxy;
			containerPortal = DFD35D3829FECBF300C2876B /* Project object */;
			proxyType = 1;
			remoteGlobalIDString = DFD35D3F29FECBF300C2876B;
			remoteInfo = "Counter App";
		};
		DFD35D5B29FECBF500C2876B /* PBXContainerItemProxy */ = {
			isa = PBXContainerItemProxy;
			containerPortal = DFD35D3829FECBF300C2876B /* Project object */;
			proxyType = 1;
			remoteGlobalIDString = DFD35D3F29FECBF300C2876B;
			remoteInfo = "Counter App";
		};
/* End PBXContainerItemProxy section */

/* Begin PBXFileReference section */
		DFD35D4029FECBF300C2876B /* Counter App.app */ = {isa = PBXFileReference; explicitFileType = wrapper.application; includeInIndex = 0; path = "Counter App.app"; sourceTree = BUILT_PRODUCTS_DIR; };
		DFD35D4329FECBF300C2876B /* Counter_AppApp.swift */ = {isa = PBXFileReference; lastKnownFileType = sourcecode.swift; path = Counter_AppApp.swift; sourceTree = "<group>"; };
		DFD35D4529FECBF300C2876B /* MainView.swift */ = {isa = PBXFileReference; lastKnownFileType = sourcecode.swift; path = MainView.swift; sourceTree = "<group>"; };
		DFD35D4729FECBF400C2876B /* Assets.xcassets */ = {isa = PBXFileReference; lastKnownFileType = folder.assetcatalog; path = Assets.xcassets; sourceTree = "<group>"; };
		DFD35D4A29FECBF400C2876B /* Preview Assets.xcassets */ = {isa = PBXFileReference; lastKnownFileType = folder.assetcatalog; path = "Preview Assets.xcassets"; sourceTree = "<group>"; };
		DFD35D5029FECBF500C2876B /* Counter AppTests.xctest */ = {isa = PBXFileReference; explicitFileType = wrapper.cfbundle; includeInIndex = 0; path = "Counter AppTests.xctest"; sourceTree = BUILT_PRODUCTS_DIR; };
		DFD35D5429FECBF500C2876B /* Counter_AppTests.swift */ = {isa = PBXFileReference; lastKnownFileType = sourcecode.swift; path = Counter_AppTests.swift; sourceTree = "<group>"; };
		DFD35D5A29FECBF500C2876B /* Counter AppUITests.xctest */ = {isa = PBXFileReference; explicitFileType = wrapper.cfbundle; includeInIndex = 0; path = "Counter AppUITests.xctest"; sourceTree = BUILT_PRODUCTS_DIR; };
		DFD35D5E29FECBF500C2876B /* Counter_AppUITests.swift */ = {isa = PBXFileReference; lastKnownFileType = sourcecode.swift; path = Counter_AppUITests.swift; sourceTree = "<group>"; };
		DFD35D6029FECBF500C2876B /* Counter_AppUITestsLaunchTests.swift */ = {isa = PBXFileReference; lastKnownFileType = sourcecode.swift; path = Counter_AppUITestsLaunchTests.swift; sourceTree = "<group>"; };
		DFD35D6D29FF022900C2876B /* README.md */ = {isa = PBXFileReference; lastKnownFileType = net.daringfireball.markdown; path = README.md; sourceTree = "<group>"; };
		DFD35D6E29FF6E1400C2876B /* GoogleService-Info.plist */ = {isa = PBXFileReference; fileEncoding = 4; lastKnownFileType = text.plist.xml; name = "GoogleService-Info.plist"; path = "../../../../Downloads/GoogleService-Info.plist"; sourceTree = "<group>"; };
		DFD35D7329FF72BE00C2876B /* appViewModel.swift */ = {isa = PBXFileReference; lastKnownFileType = sourcecode.swift; path = appViewModel.swift; sourceTree = "<group>"; };
		DFD35D7629FF72FF00C2876B /* uiData.swift */ = {isa = PBXFileReference; lastKnownFileType = sourcecode.swift; path = uiData.swift; sourceTree = "<group>"; };
		DFD35D7929FF737400C2876B /* uiDataViewModel.swift */ = {isa = PBXFileReference; lastKnownFileType = sourcecode.swift; path = uiDataViewModel.swift; sourceTree = "<group>"; };
/* End PBXFileReference section */

/* Begin PBXFrameworksBuildPhase section */
		DFD35D3D29FECBF300C2876B /* Frameworks */ = {
			isa = PBXFrameworksBuildPhase;
			buildActionMask = 2147483647;
			files = (
				DFD35D7D29FF7F7400C2876B /* FirebaseFirestore in Frameworks */,
				DFD35D7F29FF7F7400C2876B /* FirebaseFirestoreSwift in Frameworks */,
			);
			runOnlyForDeploymentPostprocessing = 0;
		};
		DFD35D4D29FECBF500C2876B /* Frameworks */ = {
			isa = PBXFrameworksBuildPhase;
			buildActionMask = 2147483647;
			files = (
			);
			runOnlyForDeploymentPostprocessing = 0;
		};
		DFD35D5729FECBF500C2876B /* Frameworks */ = {
			isa = PBXFrameworksBuildPhase;
			buildActionMask = 2147483647;
			files = (
			);
			runOnlyForDeploymentPostprocessing = 0;
		};
/* End PBXFrameworksBuildPhase section */

/* Begin PBXGroup section */
		DFD35D3729FECBF300C2876B = {
			isa = PBXGroup;
			children = (
				DFD35D6D29FF022900C2876B /* README.md */,
				DFD35D4229FECBF300C2876B /* Counter App */,
				DFD35D5329FECBF500C2876B /* Counter AppTests */,
				DFD35D5D29FECBF500C2876B /* Counter AppUITests */,
				DFD35D4129FECBF300C2876B /* Products */,
			);
			sourceTree = "<group>";
		};
		DFD35D4129FECBF300C2876B /* Products */ = {
			isa = PBXGroup;
			children = (
				DFD35D4029FECBF300C2876B /* Counter App.app */,
				DFD35D5029FECBF500C2876B /* Counter AppTests.xctest */,
				DFD35D5A29FECBF500C2876B /* Counter AppUITests.xctest */,
			);
			name = Products;
			sourceTree = "<group>";
		};
		DFD35D4229FECBF300C2876B /* Counter App */ = {
			isa = PBXGroup;
			children = (
				DFD35D7829FF735B00C2876B /* ViewModels */,
				DFD35D7529FF72F100C2876B /* Models */,
				DFD35D6E29FF6E1400C2876B /* GoogleService-Info.plist */,
				DFD35D4329FECBF300C2876B /* Counter_AppApp.swift */,
				DFD35D4529FECBF300C2876B /* MainView.swift */,
				DFD35D4729FECBF400C2876B /* Assets.xcassets */,
				DFD35D4929FECBF400C2876B /* Preview Content */,
				DFD35D7329FF72BE00C2876B /* appViewModel.swift */,
			);
			path = "Counter App";
			sourceTree = "<group>";
		};
		DFD35D4929FECBF400C2876B /* Preview Content */ = {
			isa = PBXGroup;
			children = (
				DFD35D4A29FECBF400C2876B /* Preview Assets.xcassets */,
			);
			path = "Preview Content";
			sourceTree = "<group>";
		};
		DFD35D5329FECBF500C2876B /* Counter AppTests */ = {
			isa = PBXGroup;
			children = (
				DFD35D5429FECBF500C2876B /* Counter_AppTests.swift */,
			);
			path = "Counter AppTests";
			sourceTree = "<group>";
		};
		DFD35D5D29FECBF500C2876B /* Counter AppUITests */ = {
			isa = PBXGroup;
			children = (
				DFD35D5E29FECBF500C2876B /* Counter_AppUITests.swift */,
				DFD35D6029FECBF500C2876B /* Counter_AppUITestsLaunchTests.swift */,
			);
			path = "Counter AppUITests";
			sourceTree = "<group>";
		};
		DFD35D7529FF72F100C2876B /* Models */ = {
			isa = PBXGroup;
			children = (
				DFD35D7629FF72FF00C2876B /* uiData.swift */,
			);
			path = Models;
			sourceTree = "<group>";
		};
		DFD35D7829FF735B00C2876B /* ViewModels */ = {
			isa = PBXGroup;
			children = (
				DFD35D7929FF737400C2876B /* uiDataViewModel.swift */,
			);
			path = ViewModels;
			sourceTree = "<group>";
		};
/* End PBXGroup section */

/* Begin PBXNativeTarget section */
		DFD35D3F29FECBF300C2876B /* Counter App */ = {
			isa = PBXNativeTarget;
			buildConfigurationList = DFD35D6429FECBF500C2876B /* Build configuration list for PBXNativeTarget "Counter App" */;
			buildPhases = (
				DFD35D3C29FECBF300C2876B /* Sources */,
				DFD35D3D29FECBF300C2876B /* Frameworks */,
				DFD35D3E29FECBF300C2876B /* Resources */,
			);
			buildRules = (
			);
			dependencies = (
			);
			name = "Counter App";
			packageProductDependencies = (
				DFD35D7C29FF7F7400C2876B /* FirebaseFirestore */,
				DFD35D7E29FF7F7400C2876B /* FirebaseFirestoreSwift */,
			);
			productName = "Counter App";
			productReference = DFD35D4029FECBF300C2876B /* Counter App.app */;
			productType = "com.apple.product-type.application";
		};
		DFD35D4F29FECBF500C2876B /* Counter AppTests */ = {
			isa = PBXNativeTarget;
			buildConfigurationList = DFD35D6729FECBF500C2876B /* Build configuration list for PBXNativeTarget "Counter AppTests" */;
			buildPhases = (
				DFD35D4C29FECBF500C2876B /* Sources */,
				DFD35D4D29FECBF500C2876B /* Frameworks */,
				DFD35D4E29FECBF500C2876B /* Resources */,
			);
			buildRules = (
			);
			dependencies = (
				DFD35D5229FECBF500C2876B /* PBXTargetDependency */,
			);
			name = "Counter AppTests";
			productName = "Counter AppTests";
			productReference = DFD35D5029FECBF500C2876B /* Counter AppTests.xctest */;
			productType = "com.apple.product-type.bundle.unit-test";
		};
		DFD35D5929FECBF500C2876B /* Counter AppUITests */ = {
			isa = PBXNativeTarget;
			buildConfigurationList = DFD35D6A29FECBF500C2876B /* Build configuration list for PBXNativeTarget "Counter AppUITests" */;
			buildPhases = (
				DFD35D5629FECBF500C2876B /* Sources */,
				DFD35D5729FECBF500C2876B /* Frameworks */,
				DFD35D5829FECBF500C2876B /* Resources */,
			);
			buildRules = (
			);
			dependencies = (
				DFD35D5C29FECBF500C2876B /* PBXTargetDependency */,
			);
			name = "Counter AppUITests";
			productName = "Counter AppUITests";
			productReference = DFD35D5A29FECBF500C2876B /* Counter AppUITests.xctest */;
			productType = "com.apple.product-type.bundle.ui-testing";
		};
/* End PBXNativeTarget section */

/* Begin PBXProject section */
		DFD35D3829FECBF300C2876B /* Project object */ = {
			isa = PBXProject;
			attributes = {
				BuildIndependentTargetsInParallel = 1;
				LastSwiftUpdateCheck = 1430;
				LastUpgradeCheck = 1430;
				TargetAttributes = {
					DFD35D3F29FECBF300C2876B = {
						CreatedOnToolsVersion = 14.3;
					};
					DFD35D4F29FECBF500C2876B = {
						CreatedOnToolsVersion = 14.3;
						TestTargetID = DFD35D3F29FECBF300C2876B;
					};
					DFD35D5929FECBF500C2876B = {
						CreatedOnToolsVersion = 14.3;
						TestTargetID = DFD35D3F29FECBF300C2876B;
					};
				};
			};
			buildConfigurationList = DFD35D3B29FECBF300C2876B /* Build configuration list for PBXProject "Counter App" */;
			compatibilityVersion = "Xcode 14.0";
			developmentRegion = en;
			hasScannedForEncodings = 0;
			knownRegions = (
				en,
				Base,
			);
			mainGroup = DFD35D3729FECBF300C2876B;
			packageReferences = (
				DFD35D7B29FF7F7400C2876B /* XCRemoteSwiftPackageReference "firebase-ios-sdk" */,
			);
			productRefGroup = DFD35D4129FECBF300C2876B /* Products */;
			projectDirPath = "";
			projectRoot = "";
			targets = (
				DFD35D3F29FECBF300C2876B /* Counter App */,
				DFD35D4F29FECBF500C2876B /* Counter AppTests */,
				DFD35D5929FECBF500C2876B /* Counter AppUITests */,
			);
		};
/* End PBXProject section */

/* Begin PBXResourcesBuildPhase section */
		DFD35D3E29FECBF300C2876B /* Resources */ = {
			isa = PBXResourcesBuildPhase;
			buildActionMask = 2147483647;
			files = (
				DFD35D4B29FECBF400C2876B /* Preview Assets.xcassets in Resources */,
				DFD35D4829FECBF400C2876B /* Assets.xcassets in Resources */,
				DFD35D6F29FF6E1400C2876B /* GoogleService-Info.plist in Resources */,
			);
			runOnlyForDeploymentPostprocessing = 0;
		};
		DFD35D4E29FECBF500C2876B /* Resources */ = {
			isa = PBXResourcesBuildPhase;
			buildActionMask = 2147483647;
			files = (
			);
			runOnlyForDeploymentPostprocessing = 0;
		};
		DFD35D5829FECBF500C2876B /* Resources */ = {
			isa = PBXResourcesBuildPhase;
			buildActionMask = 2147483647;
			files = (
			);
			runOnlyForDeploymentPostprocessing = 0;
		};
/* End PBXResourcesBuildPhase section */

/* Begin PBXSourcesBuildPhase section */
		DFD35D3C29FECBF300C2876B /* Sources */ = {
			isa = PBXSourcesBuildPhase;
			buildActionMask = 2147483647;
			files = (
				DFD35D7A29FF737400C2876B /* uiDataViewModel.swift in Sources */,
				DFD35D7429FF72BE00C2876B /* appViewModel.swift in Sources */,
				DFD35D4629FECBF300C2876B /* MainView.swift in Sources */,
				DFD35D4429FECBF300C2876B /* Counter_AppApp.swift in Sources */,
				DFD35D7729FF72FF00C2876B /* uiData.swift in Sources */,
			);
			runOnlyForDeploymentPostprocessing = 0;
		};
		DFD35D4C29FECBF500C2876B /* Sources */ = {
			isa = PBXSourcesBuildPhase;
			buildActionMask = 2147483647;
			files = (
				DFD35D5529FECBF500C2876B /* Counter_AppTests.swift in Sources */,
			);
			runOnlyForDeploymentPostprocessing = 0;
		};
		DFD35D5629FECBF500C2876B /* Sources */ = {
			isa = PBXSourcesBuildPhase;
			buildActionMask = 2147483647;
			files = (
				DFD35D5F29FECBF500C2876B /* Counter_AppUITests.swift in Sources */,
				DFD35D6129FECBF500C2876B /* Counter_AppUITestsLaunchTests.swift in Sources */,
			);
			runOnlyForDeploymentPostprocessing = 0;
		};
/* End PBXSourcesBuildPhase section */

/* Begin PBXTargetDependency section */
		DFD35D5229FECBF500C2876B /* PBXTargetDependency */ = {
			isa = PBXTargetDependency;
			target = DFD35D3F29FECBF300C2876B /* Counter App */;
			targetProxy = DFD35D5129FECBF500C2876B /* PBXContainerItemProxy */;
		};
		DFD35D5C29FECBF500C2876B /* PBXTargetDependency */ = {
			isa = PBXTargetDependency;
			target = DFD35D3F29FECBF300C2876B /* Counter App */;
			targetProxy = DFD35D5B29FECBF500C2876B /* PBXContainerItemProxy */;
		};
/* End PBXTargetDependency section */

/* Begin XCBuildConfiguration section */
		DFD35D6229FECBF500C2876B /* Debug */ = {
			isa = XCBuildConfiguration;
			buildSettings = {
				ALWAYS_SEARCH_USER_PATHS = NO;
				CLANG_ANALYZER_NONNULL = YES;
				CLANG_ANALYZER_NUMBER_OBJECT_CONVERSION = YES_AGGRESSIVE;
				CLANG_CXX_LANGUAGE_STANDARD = "gnu++20";
				CLANG_ENABLE_MODULES = YES;
				CLANG_ENABLE_OBJC_ARC = YES;
				CLANG_ENABLE_OBJC_WEAK = YES;
				CLANG_WARN_BLOCK_CAPTURE_AUTORELEASING = YES;
				CLANG_WARN_BOOL_CONVERSION = YES;
				CLANG_WARN_COMMA = YES;
				CLANG_WARN_CONSTANT_CONVERSION = YES;
				CLANG_WARN_DEPRECATED_OBJC_IMPLEMENTATIONS = YES;
				CLANG_WARN_DIRECT_OBJC_ISA_USAGE = YES_ERROR;
				CLANG_WARN_DOCUMENTATION_COMMENTS = YES;
				CLANG_WARN_EMPTY_BODY = YES;
				CLANG_WARN_ENUM_CONVERSION = YES;
				CLANG_WARN_INFINITE_RECURSION = YES;
				CLANG_WARN_INT_CONVERSION = YES;
				CLANG_WARN_NON_LITERAL_NULL_CONVERSION = YES;
				CLANG_WARN_OBJC_IMPLICIT_RETAIN_SELF = YES;
				CLANG_WARN_OBJC_LITERAL_CONVERSION = YES;
				CLANG_WARN_OBJC_ROOT_CLASS = YES_ERROR;
				CLANG_WARN_QUOTED_INCLUDE_IN_FRAMEWORK_HEADER = YES;
				CLANG_WARN_RANGE_LOOP_ANALYSIS = YES;
				CLANG_WARN_STRICT_PROTOTYPES = YES;
				CLANG_WARN_SUSPICIOUS_MOVE = YES;
				CLANG_WARN_UNGUARDED_AVAILABILITY = YES_AGGRESSIVE;
				CLANG_WARN_UNREACHABLE_CODE = YES;
				CLANG_WARN__DUPLICATE_METHOD_MATCH = YES;
				COPY_PHASE_STRIP = NO;
				DEBUG_INFORMATION_FORMAT = dwarf;
				ENABLE_STRICT_OBJC_MSGSEND = YES;
				ENABLE_TESTABILITY = YES;
				GCC_C_LANGUAGE_STANDARD = gnu11;
				GCC_DYNAMIC_NO_PIC = NO;
				GCC_NO_COMMON_BLOCKS = YES;
				GCC_OPTIMIZATION_LEVEL = 0;
				GCC_PREPROCESSOR_DEFINITIONS = (
					"DEBUG=1",
					"$(inherited)",
				);
				GCC_WARN_64_TO_32_BIT_CONVERSION = YES;
				GCC_WARN_ABOUT_RETURN_TYPE = YES_ERROR;
				GCC_WARN_UNDECLARED_SELECTOR = YES;
				GCC_WARN_UNINITIALIZED_AUTOS = YES_AGGRESSIVE;
				GCC_WARN_UNUSED_FUNCTION = YES;
				GCC_WARN_UNUSED_VARIABLE = YES;
				IPHONEOS_DEPLOYMENT_TARGET = 16.4;
				MTL_ENABLE_DEBUG_INFO = INCLUDE_SOURCE;
				MTL_FAST_MATH = YES;
				ONLY_ACTIVE_ARCH = YES;
				SDKROOT = iphoneos;
				SWIFT_ACTIVE_COMPILATION_CONDITIONS = DEBUG;
				SWIFT_OPTIMIZATION_LEVEL = "-Onone";
			};
			name = Debug;
		};
		DFD35D6329FECBF500C2876B /* Release */ = {
			isa = XCBuildConfiguration;
			buildSettings = {
				ALWAYS_SEARCH_USER_PATHS = NO;
				CLANG_ANALYZER_NONNULL = YES;
				CLANG_ANALYZER_NUMBER_OBJECT_CONVERSION = YES_AGGRESSIVE;
				CLANG_CXX_LANGUAGE_STANDARD = "gnu++20";
				CLANG_ENABLE_MODULES = YES;
				CLANG_ENABLE_OBJC_ARC = YES;
				CLANG_ENABLE_OBJC_WEAK = YES;
				CLANG_WARN_BLOCK_CAPTURE_AUTORELEASING = YES;
				CLANG_WARN_BOOL_CONVERSION = YES;
				CLANG_WARN_COMMA = YES;
				CLANG_WARN_CONSTANT_CONVERSION = YES;
				CLANG_WARN_DEPRECATED_OBJC_IMPLEMENTATIONS = YES;
				CLANG_WARN_DIRECT_OBJC_ISA_USAGE = YES_ERROR;
				CLANG_WARN_DOCUMENTATION_COMMENTS = YES;
				CLANG_WARN_EMPTY_BODY = YES;
				CLANG_WARN_ENUM_CONVERSION = YES;
				CLANG_WARN_INFINITE_RECURSION = YES;
				CLANG_WARN_INT_CONVERSION = YES;
				CLANG_WARN_NON_LITERAL_NULL_CONVERSION = YES;
				CLANG_WARN_OBJC_IMPLICIT_RETAIN_SELF = YES;
				CLANG_WARN_OBJC_LITERAL_CONVERSION = YES;
				CLANG_WARN_OBJC_ROOT_CLASS = YES_ERROR;
				CLANG_WARN_QUOTED_INCLUDE_IN_FRAMEWORK_HEADER = YES;
				CLANG_WARN_RANGE_LOOP_ANALYSIS = YES;
				CLANG_WARN_STRICT_PROTOTYPES = YES;
				CLANG_WARN_SUSPICIOUS_MOVE = YES;
				CLANG_WARN_UNGUARDED_AVAILABILITY = YES_AGGRESSIVE;
				CLANG_WARN_UNREACHABLE_CODE = YES;
				CLANG_WARN__DUPLICATE_METHOD_MATCH = YES;
				COPY_PHASE_STRIP = NO;
				DEBUG_INFORMATION_FORMAT = "dwarf-with-dsym";
				ENABLE_NS_ASSERTIONS = NO;
				ENABLE_STRICT_OBJC_MSGSEND = YES;
				GCC_C_LANGUAGE_STANDARD = gnu11;
				GCC_NO_COMMON_BLOCKS = YES;
				GCC_WARN_64_TO_32_BIT_CONVERSION = YES;
				GCC_WARN_ABOUT_RETURN_TYPE = YES_ERROR;
				GCC_WARN_UNDECLARED_SELECTOR = YES;
				GCC_WARN_UNINITIALIZED_AUTOS = YES_AGGRESSIVE;
				GCC_WARN_UNUSED_FUNCTION = YES;
				GCC_WARN_UNUSED_VARIABLE = YES;
				IPHONEOS_DEPLOYMENT_TARGET = 16.4;
				MTL_ENABLE_DEBUG_INFO = NO;
				MTL_FAST_MATH = YES;
				SDKROOT = iphoneos;
				SWIFT_COMPILATION_MODE = wholemodule;
				SWIFT_OPTIMIZATION_LEVEL = "-O";
				VALIDATE_PRODUCT = YES;
			};
			name = Release;
		};
		DFD35D6529FECBF500C2876B /* Debug */ = {
			isa = XCBuildConfiguration;
			buildSettings = {
				ASSETCATALOG_COMPILER_APPICON_NAME = AppIcon;
				ASSETCATALOG_COMPILER_GLOBAL_ACCENT_COLOR_NAME = AccentColor;
				CODE_SIGN_IDENTITY = "Apple Development";
				CODE_SIGN_STYLE = Automatic;
				CURRENT_PROJECT_VERSION = 1;
				DEVELOPMENT_ASSET_PATHS = "\"Counter App/Preview Content\"";
				DEVELOPMENT_TEAM = BUYFM25L74;
				ENABLE_PREVIEWS = YES;
				GENERATE_INFOPLIST_FILE = YES;
				INFOPLIST_KEY_UIApplicationSceneManifest_Generation = YES;
				INFOPLIST_KEY_UIApplicationSupportsIndirectInputEvents = YES;
				INFOPLIST_KEY_UILaunchScreen_Generation = YES;
				INFOPLIST_KEY_UISupportedInterfaceOrientations_iPad = "UIInterfaceOrientationPortrait UIInterfaceOrientationPortraitUpsideDown UIInterfaceOrientationLandscapeLeft UIInterfaceOrientationLandscapeRight";
				INFOPLIST_KEY_UISupportedInterfaceOrientations_iPhone = "UIInterfaceOrientationPortrait UIInterfaceOrientationLandscapeLeft UIInterfaceOrientationLandscapeRight";
				LD_RUNPATH_SEARCH_PATHS = (
					"$(inherited)",
					"@executable_path/Frameworks",
				);
				MARKETING_VERSION = 1.0;
				PRODUCT_BUNDLE_IDENTIFIER = "ThinkCo.Counter-App";
				PRODUCT_NAME = "$(TARGET_NAME)";
				PROVISIONING_PROFILE_SPECIFIER = "";
				SWIFT_EMIT_LOC_STRINGS = YES;
				SWIFT_VERSION = 5.0;
				TARGETED_DEVICE_FAMILY = "1,2";
			};
			name = Debug;
		};
		DFD35D6629FECBF500C2876B /* Release */ = {
			isa = XCBuildConfiguration;
			buildSettings = {
				ASSETCATALOG_COMPILER_APPICON_NAME = AppIcon;
				ASSETCATALOG_COMPILER_GLOBAL_ACCENT_COLOR_NAME = AccentColor;
				CODE_SIGN_IDENTITY = "Apple Development";
				CODE_SIGN_STYLE = Automatic;
				CURRENT_PROJECT_VERSION = 1;
				DEVELOPMENT_ASSET_PATHS = "\"Counter App/Preview Content\"";
				DEVELOPMENT_TEAM = BUYFM25L74;
				ENABLE_PREVIEWS = YES;
				GENERATE_INFOPLIST_FILE = YES;
				INFOPLIST_KEY_UIApplicationSceneManifest_Generation = YES;
				INFOPLIST_KEY_UIApplicationSupportsIndirectInputEvents = YES;
				INFOPLIST_KEY_UILaunchScreen_Generation = YES;
				INFOPLIST_KEY_UISupportedInterfaceOrientations_iPad = "UIInterfaceOrientationPortrait UIInterfaceOrientationPortraitUpsideDown UIInterfaceOrientationLandscapeLeft UIInterfaceOrientationLandscapeRight";
				INFOPLIST_KEY_UISupportedInterfaceOrientations_iPhone = "UIInterfaceOrientationPortrait UIInterfaceOrientationLandscapeLeft UIInterfaceOrientationLandscapeRight";
				LD_RUNPATH_SEARCH_PATHS = (
					"$(inherited)",
					"@executable_path/Frameworks",
				);
				MARKETING_VERSION = 1.0;
				PRODUCT_BUNDLE_IDENTIFIER = "ThinkCo.Counter-App";
				PRODUCT_NAME = "$(TARGET_NAME)";
				PROVISIONING_PROFILE_SPECIFIER = "";
				SWIFT_EMIT_LOC_STRINGS = YES;
				SWIFT_VERSION = 5.0;
				TARGETED_DEVICE_FAMILY = "1,2";
			};
			name = Release;
		};
		DFD35D6829FECBF500C2876B /* Debug */ = {
			isa = XCBuildConfiguration;
			buildSettings = {
				ALWAYS_EMBED_SWIFT_STANDARD_LIBRARIES = YES;
				BUNDLE_LOADER = "$(TEST_HOST)";
				CODE_SIGN_STYLE = Automatic;
				CURRENT_PROJECT_VERSION = 1;
				GENERATE_INFOPLIST_FILE = YES;
				IPHONEOS_DEPLOYMENT_TARGET = 16.4;
				MARKETING_VERSION = 1.0;
				PRODUCT_BUNDLE_IDENTIFIER = "ThinkCo.Counter-AppTests";
				PRODUCT_NAME = "$(TARGET_NAME)";
				SWIFT_EMIT_LOC_STRINGS = NO;
				SWIFT_VERSION = 5.0;
				TARGETED_DEVICE_FAMILY = "1,2";
				TEST_HOST = "$(BUILT_PRODUCTS_DIR)/Counter App.app/$(BUNDLE_EXECUTABLE_FOLDER_PATH)/Counter App";
			};
			name = Debug;
		};
		DFD35D6929FECBF500C2876B /* Release */ = {
			isa = XCBuildConfiguration;
			buildSettings = {
				ALWAYS_EMBED_SWIFT_STANDARD_LIBRARIES = YES;
				BUNDLE_LOADER = "$(TEST_HOST)";
				CODE_SIGN_STYLE = Automatic;
				CURRENT_PROJECT_VERSION = 1;
				GENERATE_INFOPLIST_FILE = YES;
				IPHONEOS_DEPLOYMENT_TARGET = 16.4;
				MARKETING_VERSION = 1.0;
				PRODUCT_BUNDLE_IDENTIFIER = "ThinkCo.Counter-AppTests";
				PRODUCT_NAME = "$(TARGET_NAME)";
				SWIFT_EMIT_LOC_STRINGS = NO;
				SWIFT_VERSION = 5.0;
				TARGETED_DEVICE_FAMILY = "1,2";
				TEST_HOST = "$(BUILT_PRODUCTS_DIR)/Counter App.app/$(BUNDLE_EXECUTABLE_FOLDER_PATH)/Counter App";
			};
			name = Release;
		};
		DFD35D6B29FECBF500C2876B /* Debug */ = {
			isa = XCBuildConfiguration;
			buildSettings = {
				ALWAYS_EMBED_SWIFT_STANDARD_LIBRARIES = YES;
				CODE_SIGN_STYLE = Automatic;
				CURRENT_PROJECT_VERSION = 1;
				GENERATE_INFOPLIST_FILE = YES;
				MARKETING_VERSION = 1.0;
				PRODUCT_BUNDLE_IDENTIFIER = "ThinkCo.Counter-AppUITests";
				PRODUCT_NAME = "$(TARGET_NAME)";
				SWIFT_EMIT_LOC_STRINGS = NO;
				SWIFT_VERSION = 5.0;
				TARGETED_DEVICE_FAMILY = "1,2";
				TEST_TARGET_NAME = "Counter App";
			};
			name = Debug;
		};
		DFD35D6C29FECBF500C2876B /* Release */ = {
			isa = XCBuildConfiguration;
			buildSettings = {
				ALWAYS_EMBED_SWIFT_STANDARD_LIBRARIES = YES;
				CODE_SIGN_STYLE = Automatic;
				CURRENT_PROJECT_VERSION = 1;
				GENERATE_INFOPLIST_FILE = YES;
				MARKETING_VERSION = 1.0;
				PRODUCT_BUNDLE_IDENTIFIER = "ThinkCo.Counter-AppUITests";
				PRODUCT_NAME = "$(TARGET_NAME)";
				SWIFT_EMIT_LOC_STRINGS = NO;
				SWIFT_VERSION = 5.0;
				TARGETED_DEVICE_FAMILY = "1,2";
				TEST_TARGET_NAME = "Counter App";
			};
			name = Release;
		};
/* End XCBuildConfiguration section */

/* Begin XCConfigurationList section */
		DFD35D3B29FECBF300C2876B /* Build configuration list for PBXProject "Counter App" */ = {
			isa = XCConfigurationList;
			buildConfigurations = (
				DFD35D6229FECBF500C2876B /* Debug */,
				DFD35D6329FECBF500C2876B /* Release */,
			);
			defaultConfigurationIsVisible = 0;
			defaultConfigurationName = Release;
		};
		DFD35D6429FECBF500C2876B /* Build configuration list for PBXNativeTarget "Counter App" */ = {
			isa = XCConfigurationList;
			buildConfigurations = (
				DFD35D6529FECBF500C2876B /* Debug */,
				DFD35D6629FECBF500C2876B /* Release */,
			);
			defaultConfigurationIsVisible = 0;
			defaultConfigurationName = Release;
		};
		DFD35D6729FECBF500C2876B /* Build configuration list for PBXNativeTarget "Counter AppTests" */ = {
			isa = XCConfigurationList;
			buildConfigurations = (
				DFD35D6829FECBF500C2876B /* Debug */,
				DFD35D6929FECBF500C2876B /* Release */,
			);
			defaultConfigurationIsVisible = 0;
			defaultConfigurationName = Release;
		};
		DFD35D6A29FECBF500C2876B /* Build configuration list for PBXNativeTarget "Counter AppUITests" */ = {
			isa = XCConfigurationList;
			buildConfigurations = (
				DFD35D6B29FECBF500C2876B /* Debug */,
				DFD35D6C29FECBF500C2876B /* Release */,
			);
			defaultConfigurationIsVisible = 0;
			defaultConfigurationName = Release;
		};
/* End XCConfigurationList section */

/* Begin XCRemoteSwiftPackageReference section */
		DFD35D7B29FF7F7400C2876B /* XCRemoteSwiftPackageReference "firebase-ios-sdk" */ = {
			isa = XCRemoteSwiftPackageReference;
			repositoryURL = "https://github.com/firebase/firebase-ios-sdk";
			requirement = {
				kind = upToNextMajorVersion;
				minimumVersion = 10.0.0;
			};
		};
/* End XCRemoteSwiftPackageReference section */

/* Begin XCSwiftPackageProductDependency section */
		DFD35D7C29FF7F7400C2876B /* FirebaseFirestore */ = {
			isa = XCSwiftPackageProductDependency;
			package = DFD35D7B29FF7F7400C2876B /* XCRemoteSwiftPackageReference "firebase-ios-sdk" */;
			productName = FirebaseFirestore;
		};
		DFD35D7E29FF7F7400C2876B /* FirebaseFirestoreSwift */ = {
			isa = XCSwiftPackageProductDependency;
			package = DFD35D7B29FF7F7400C2876B /* XCRemoteSwiftPackageReference "firebase-ios-sdk" */;
			productName = FirebaseFirestoreSwift;
		};
/* End XCSwiftPackageProductDependency section */
	};
	rootObject = DFD35D3829FECBF300C2876B /* Project object */;
}
